// !$*UTF8*$!
{
	archiveVersion = 1;
	classes = {
	};
	objectVersion = 46;
	objects = {

/* Begin PBXBuildFile section */
		1AE7C02D1EC9074440B8F589 /* Pods_FluxSample.framework in Frameworks */ = {isa = PBXBuildFile; fileRef = 987DB52D7FDD0C7E63B1D14E /* Pods_FluxSample.framework */; };
		3C5FCBE51EB6CB87003D4FE2 /* MainController.storyboard in Resources */ = {isa = PBXBuildFile; fileRef = 3C5FCBE41EB6CB87003D4FE2 /* MainController.storyboard */; };
		3C5FCBF51EB6CDD5003D4FE2 /* MainController.swift in Sources */ = {isa = PBXBuildFile; fileRef = 3C5FCBF41EB6CDD5003D4FE2 /* MainController.swift */; };
		FBB512821EB84C7600AEFF56 /* AppDelegate.swift in Sources */ = {isa = PBXBuildFile; fileRef = FBB5127F1EB84C7600AEFF56 /* AppDelegate.swift */; };
		FBB512831EB84C7600AEFF56 /* Assets.xcassets in Resources */ = {isa = PBXBuildFile; fileRef = FBB512801EB84C7600AEFF56 /* Assets.xcassets */; };
		FBB512841EB84C7600AEFF56 /* Info.plist in Resources */ = {isa = PBXBuildFile; fileRef = FBB512811EB84C7600AEFF56 /* Info.plist */; };
		FBB512871EB84C9700AEFF56 /* LaunchScreen.storyboard in Resources */ = {isa = PBXBuildFile; fileRef = FBB512851EB84C9700AEFF56 /* LaunchScreen.storyboard */; };
		FBB5128A1EB84CDB00AEFF56 /* RecordsResponse.swift in Sources */ = {isa = PBXBuildFile; fileRef = FBB512881EB84CDB00AEFF56 /* RecordsResponse.swift */; };
		FBB5128B1EB84CDB00AEFF56 /* TopAPI.swift in Sources */ = {isa = PBXBuildFile; fileRef = FBB512891EB84CDB00AEFF56 /* TopAPI.swift */; };
		FBB512901EB84D3500AEFF56 /* NSObjectProtocol.swift in Sources */ = {isa = PBXBuildFile; fileRef = FBB5128C1EB84D3500AEFF56 /* NSObjectProtocol.swift */; };
		FBB512911EB84D3500AEFF56 /* SVProgressHUD.swift in Sources */ = {isa = PBXBuildFile; fileRef = FBB5128D1EB84D3500AEFF56 /* SVProgressHUD.swift */; };
		FBB512921EB84D3500AEFF56 /* UITableView.swift in Sources */ = {isa = PBXBuildFile; fileRef = FBB5128E1EB84D3500AEFF56 /* UITableView.swift */; };
		FBB512931EB84D3500AEFF56 /* Variable.swift in Sources */ = {isa = PBXBuildFile; fileRef = FBB5128F1EB84D3500AEFF56 /* Variable.swift */; };
		FBB512961EB84D4100AEFF56 /* Nibable.swift in Sources */ = {isa = PBXBuildFile; fileRef = FBB512941EB84D4100AEFF56 /* Nibable.swift */; };
		FBB512971EB84D4100AEFF56 /* Storyboardable.swift in Sources */ = {isa = PBXBuildFile; fileRef = FBB512951EB84D4100AEFF56 /* Storyboardable.swift */; };
		FBB5129A1EB84D6C00AEFF56 /* AppConstants.swift in Sources */ = {isa = PBXBuildFile; fileRef = FBB512981EB84D6C00AEFF56 /* AppConstants.swift */; };
		FBB5129B1EB84D6C00AEFF56 /* UrlConstants.swift in Sources */ = {isa = PBXBuildFile; fileRef = FBB512991EB84D6C00AEFF56 /* UrlConstants.swift */; };
		FBB5129E1EB84DEC00AEFF56 /* ErrorNoticeAction.swift in Sources */ = {isa = PBXBuildFile; fileRef = FBB5129C1EB84DEC00AEFF56 /* ErrorNoticeAction.swift */; };
		FBB5129F1EB84DEC00AEFF56 /* TopAction.swift in Sources */ = {isa = PBXBuildFile; fileRef = FBB5129D1EB84DEC00AEFF56 /* TopAction.swift */; };
		FBB512A21EB84DF600AEFF56 /* Store.swift in Sources */ = {isa = PBXBuildFile; fileRef = FBB512A01EB84DF600AEFF56 /* Store.swift */; };
		FBB512A31EB84DF600AEFF56 /* TopStore.swift in Sources */ = {isa = PBXBuildFile; fileRef = FBB512A11EB84DF600AEFF56 /* TopStore.swift */; };
		FBB512A71EB84E0100AEFF56 /* DispatcherSubject.swift in Sources */ = {isa = PBXBuildFile; fileRef = FBB512A41EB84E0100AEFF56 /* DispatcherSubject.swift */; };
		FBB512A81EB84E0100AEFF56 /* ErrorNoticeDispatcher.swift in Sources */ = {isa = PBXBuildFile; fileRef = FBB512A51EB84E0100AEFF56 /* ErrorNoticeDispatcher.swift */; };
		FBB512A91EB84E0100AEFF56 /* TopDispatcher.swift in Sources */ = {isa = PBXBuildFile; fileRef = FBB512A61EB84E0100AEFF56 /* TopDispatcher.swift */; };
		FBB512AD1EB84EFB00AEFF56 /* TopController.storyboard in Resources */ = {isa = PBXBuildFile; fileRef = FBB512AA1EB84EFB00AEFF56 /* TopController.storyboard */; };
		FBB512AE1EB84EFB00AEFF56 /* TopController.swift in Sources */ = {isa = PBXBuildFile; fileRef = FBB512AB1EB84EFB00AEFF56 /* TopController.swift */; };
		FBB512AF1EB84EFB00AEFF56 /* TopNavigationController.swift in Sources */ = {isa = PBXBuildFile; fileRef = FBB512AC1EB84EFB00AEFF56 /* TopNavigationController.swift */; };
		FBB512B21EB84F0B00AEFF56 /* TopCell.swift in Sources */ = {isa = PBXBuildFile; fileRef = FBB512B01EB84F0B00AEFF56 /* TopCell.swift */; };
		FBB512B31EB84F0B00AEFF56 /* TopCell.xib in Resources */ = {isa = PBXBuildFile; fileRef = FBB512B11EB84F0B00AEFF56 /* TopCell.xib */; };
		FBB512B51EB84F1500AEFF56 /* TopDataSource.swift in Sources */ = {isa = PBXBuildFile; fileRef = FBB512B41EB84F1500AEFF56 /* TopDataSource.swift */; };
		FBB512B71EB84F2400AEFF56 /* TopInfo.swift in Sources */ = {isa = PBXBuildFile; fileRef = FBB512B61EB84F2400AEFF56 /* TopInfo.swift */; };
		FBB512BB1EB84F4B00AEFF56 /* ProfileController.storyboard in Resources */ = {isa = PBXBuildFile; fileRef = FBB512B81EB84F4B00AEFF56 /* ProfileController.storyboard */; };
		FBB512BC1EB84F4B00AEFF56 /* ProfileController.swift in Sources */ = {isa = PBXBuildFile; fileRef = FBB512B91EB84F4B00AEFF56 /* ProfileController.swift */; };
		FBB512BD1EB84F4B00AEFF56 /* ProfileNavigationController.swift in Sources */ = {isa = PBXBuildFile; fileRef = FBB512BA1EB84F4B00AEFF56 /* ProfileNavigationController.swift */; };
/* End PBXBuildFile section */

/* Begin PBXFileReference section */
		3C5FCBBB1EB6BE74003D4FE2 /* FluxSample.app */ = {isa = PBXFileReference; explicitFileType = wrapper.application; includeInIndex = 0; path = FluxSample.app; sourceTree = BUILT_PRODUCTS_DIR; };
		3C5FCBE41EB6CB87003D4FE2 /* MainController.storyboard */ = {isa = PBXFileReference; fileEncoding = 4; lastKnownFileType = file.storyboard; path = MainController.storyboard; sourceTree = "<group>"; };
		3C5FCBF41EB6CDD5003D4FE2 /* MainController.swift */ = {isa = PBXFileReference; fileEncoding = 4; lastKnownFileType = sourcecode.swift; path = MainController.swift; sourceTree = "<group>"; };
		987DB52D7FDD0C7E63B1D14E /* Pods_FluxSample.framework */ = {isa = PBXFileReference; explicitFileType = wrapper.framework; includeInIndex = 0; path = Pods_FluxSample.framework; sourceTree = BUILT_PRODUCTS_DIR; };
		B5B5E2D12FAA00AAF767DF15 /* Pods-FluxSample.debug.xcconfig */ = {isa = PBXFileReference; includeInIndex = 1; lastKnownFileType = text.xcconfig; name = "Pods-FluxSample.debug.xcconfig"; path = "Pods/Target Support Files/Pods-FluxSample/Pods-FluxSample.debug.xcconfig"; sourceTree = "<group>"; };
		FB418E7B70973FEE341ADD99 /* Pods-FluxSample.release.xcconfig */ = {isa = PBXFileReference; includeInIndex = 1; lastKnownFileType = text.xcconfig; name = "Pods-FluxSample.release.xcconfig"; path = "Pods/Target Support Files/Pods-FluxSample/Pods-FluxSample.release.xcconfig"; sourceTree = "<group>"; };
		FBB5127F1EB84C7600AEFF56 /* AppDelegate.swift */ = {isa = PBXFileReference; fileEncoding = 4; lastKnownFileType = sourcecode.swift; name = AppDelegate.swift; path = Resource/AppDelegate.swift; sourceTree = "<group>"; };
		FBB512801EB84C7600AEFF56 /* Assets.xcassets */ = {isa = PBXFileReference; lastKnownFileType = folder.assetcatalog; name = Assets.xcassets; path = Resource/Assets.xcassets; sourceTree = "<group>"; };
		FBB512811EB84C7600AEFF56 /* Info.plist */ = {isa = PBXFileReference; fileEncoding = 4; lastKnownFileType = text.plist.xml; name = Info.plist; path = Resource/Info.plist; sourceTree = "<group>"; };
		FBB512861EB84C9700AEFF56 /* Base */ = {isa = PBXFileReference; lastKnownFileType = file.storyboard; name = Base; path = Resource/Base.lproj/LaunchScreen.storyboard; sourceTree = "<group>"; };
		FBB512881EB84CDB00AEFF56 /* RecordsResponse.swift */ = {isa = PBXFileReference; fileEncoding = 4; lastKnownFileType = sourcecode.swift; name = RecordsResponse.swift; path = Source/Core/API/RecordsResponse.swift; sourceTree = "<group>"; };
		FBB512891EB84CDB00AEFF56 /* TopAPI.swift */ = {isa = PBXFileReference; fileEncoding = 4; lastKnownFileType = sourcecode.swift; name = TopAPI.swift; path = Source/Core/API/TopAPI.swift; sourceTree = "<group>"; };
		FBB5128C1EB84D3500AEFF56 /* NSObjectProtocol.swift */ = {isa = PBXFileReference; fileEncoding = 4; lastKnownFileType = sourcecode.swift; name = NSObjectProtocol.swift; path = Source/Common/Extension/NSObjectProtocol.swift; sourceTree = "<group>"; };
		FBB5128D1EB84D3500AEFF56 /* SVProgressHUD.swift */ = {isa = PBXFileReference; fileEncoding = 4; lastKnownFileType = sourcecode.swift; name = SVProgressHUD.swift; path = Source/Common/Extension/SVProgressHUD.swift; sourceTree = "<group>"; };
		FBB5128E1EB84D3500AEFF56 /* UITableView.swift */ = {isa = PBXFileReference; fileEncoding = 4; lastKnownFileType = sourcecode.swift; name = UITableView.swift; path = Source/Common/Extension/UITableView.swift; sourceTree = "<group>"; };
		FBB5128F1EB84D3500AEFF56 /* Variable.swift */ = {isa = PBXFileReference; fileEncoding = 4; lastKnownFileType = sourcecode.swift; name = Variable.swift; path = Source/Common/Extension/Variable.swift; sourceTree = "<group>"; };
		FBB512941EB84D4100AEFF56 /* Nibable.swift */ = {isa = PBXFileReference; fileEncoding = 4; lastKnownFileType = sourcecode.swift; name = Nibable.swift; path = Source/Common/UI/Nibable.swift; sourceTree = "<group>"; };
		FBB512951EB84D4100AEFF56 /* Storyboardable.swift */ = {isa = PBXFileReference; fileEncoding = 4; lastKnownFileType = sourcecode.swift; name = Storyboardable.swift; path = Source/Common/UI/Storyboardable.swift; sourceTree = "<group>"; };
		FBB512981EB84D6C00AEFF56 /* AppConstants.swift */ = {isa = PBXFileReference; fileEncoding = 4; lastKnownFileType = sourcecode.swift; name = AppConstants.swift; path = Source/Common/AppConstants.swift; sourceTree = "<group>"; };
		FBB512991EB84D6C00AEFF56 /* UrlConstants.swift */ = {isa = PBXFileReference; fileEncoding = 4; lastKnownFileType = sourcecode.swift; name = UrlConstants.swift; path = Source/Common/UrlConstants.swift; sourceTree = "<group>"; };
		FBB5129C1EB84DEC00AEFF56 /* ErrorNoticeAction.swift */ = {isa = PBXFileReference; fileEncoding = 4; lastKnownFileType = sourcecode.swift; name = ErrorNoticeAction.swift; path = Source/Flux/Action/ErrorNoticeAction.swift; sourceTree = "<group>"; };
		FBB5129D1EB84DEC00AEFF56 /* TopAction.swift */ = {isa = PBXFileReference; fileEncoding = 4; lastKnownFileType = sourcecode.swift; name = TopAction.swift; path = Source/Flux/Action/TopAction.swift; sourceTree = "<group>"; };
		FBB512A01EB84DF600AEFF56 /* Store.swift */ = {isa = PBXFileReference; fileEncoding = 4; lastKnownFileType = sourcecode.swift; name = Store.swift; path = Source/Flux/Store/Store.swift; sourceTree = "<group>"; };
		FBB512A11EB84DF600AEFF56 /* TopStore.swift */ = {isa = PBXFileReference; fileEncoding = 4; lastKnownFileType = sourcecode.swift; name = TopStore.swift; path = Source/Flux/Store/TopStore.swift; sourceTree = "<group>"; };
		FBB512A41EB84E0100AEFF56 /* DispatcherSubject.swift */ = {isa = PBXFileReference; fileEncoding = 4; lastKnownFileType = sourcecode.swift; name = DispatcherSubject.swift; path = Source/Flux/Dispatcher/DispatcherSubject.swift; sourceTree = "<group>"; };
		FBB512A51EB84E0100AEFF56 /* ErrorNoticeDispatcher.swift */ = {isa = PBXFileReference; fileEncoding = 4; lastKnownFileType = sourcecode.swift; name = ErrorNoticeDispatcher.swift; path = Source/Flux/Dispatcher/ErrorNoticeDispatcher.swift; sourceTree = "<group>"; };
		FBB512A61EB84E0100AEFF56 /* TopDispatcher.swift */ = {isa = PBXFileReference; fileEncoding = 4; lastKnownFileType = sourcecode.swift; name = TopDispatcher.swift; path = Source/Flux/Dispatcher/TopDispatcher.swift; sourceTree = "<group>"; };
		FBB512AA1EB84EFB00AEFF56 /* TopController.storyboard */ = {isa = PBXFileReference; fileEncoding = 4; lastKnownFileType = file.storyboard; name = TopController.storyboard; path = Source/TopPage/TopController.storyboard; sourceTree = "<group>"; };
		FBB512AB1EB84EFB00AEFF56 /* TopController.swift */ = {isa = PBXFileReference; fileEncoding = 4; lastKnownFileType = sourcecode.swift; name = TopController.swift; path = Source/TopPage/TopController.swift; sourceTree = "<group>"; };
		FBB512AC1EB84EFB00AEFF56 /* TopNavigationController.swift */ = {isa = PBXFileReference; fileEncoding = 4; lastKnownFileType = sourcecode.swift; name = TopNavigationController.swift; path = Source/TopPage/TopNavigationController.swift; sourceTree = "<group>"; };
		FBB512B01EB84F0B00AEFF56 /* TopCell.swift */ = {isa = PBXFileReference; fileEncoding = 4; lastKnownFileType = sourcecode.swift; name = TopCell.swift; path = Source/TopPage/Cell/TopCell.swift; sourceTree = "<group>"; };
		FBB512B11EB84F0B00AEFF56 /* TopCell.xib */ = {isa = PBXFileReference; fileEncoding = 4; lastKnownFileType = file.xib; name = TopCell.xib; path = Source/TopPage/Cell/TopCell.xib; sourceTree = "<group>"; };
		FBB512B41EB84F1500AEFF56 /* TopDataSource.swift */ = {isa = PBXFileReference; fileEncoding = 4; lastKnownFileType = sourcecode.swift; name = TopDataSource.swift; path = Source/TopPage/DataSource/TopDataSource.swift; sourceTree = "<group>"; };
		FBB512B61EB84F2400AEFF56 /* TopInfo.swift */ = {isa = PBXFileReference; fileEncoding = 4; lastKnownFileType = sourcecode.swift; name = TopInfo.swift; path = Source/TopPage/Model/TopInfo.swift; sourceTree = "<group>"; };
		FBB512B81EB84F4B00AEFF56 /* ProfileController.storyboard */ = {isa = PBXFileReference; fileEncoding = 4; lastKnownFileType = file.storyboard; name = ProfileController.storyboard; path = Source/ProfilePage/ProfileController.storyboard; sourceTree = "<group>"; };
		FBB512B91EB84F4B00AEFF56 /* ProfileController.swift */ = {isa = PBXFileReference; fileEncoding = 4; lastKnownFileType = sourcecode.swift; name = ProfileController.swift; path = Source/ProfilePage/ProfileController.swift; sourceTree = "<group>"; };
		FBB512BA1EB84F4B00AEFF56 /* ProfileNavigationController.swift */ = {isa = PBXFileReference; fileEncoding = 4; lastKnownFileType = sourcecode.swift; name = ProfileNavigationController.swift; path = Source/ProfilePage/ProfileNavigationController.swift; sourceTree = "<group>"; };
/* End PBXFileReference section */

/* Begin PBXFrameworksBuildPhase section */
		3C5FCBB81EB6BE74003D4FE2 /* Frameworks */ = {
			isa = PBXFrameworksBuildPhase;
			buildActionMask = 2147483647;
			files = (
				1AE7C02D1EC9074440B8F589 /* Pods_FluxSample.framework in Frameworks */,
			);
			runOnlyForDeploymentPostprocessing = 0;
		};
/* End PBXFrameworksBuildPhase section */

/* Begin PBXGroup section */
		13CC3558ABF5740A4C92AF4E /* Pods */ = {
			isa = PBXGroup;
			children = (
				B5B5E2D12FAA00AAF767DF15 /* Pods-FluxSample.debug.xcconfig */,
				FB418E7B70973FEE341ADD99 /* Pods-FluxSample.release.xcconfig */,
			);
			name = Pods;
			sourceTree = "<group>";
		};
		1982B4123210B52FA3823184 /* Frameworks */ = {
			isa = PBXGroup;
			children = (
				987DB52D7FDD0C7E63B1D14E /* Pods_FluxSample.framework */,
			);
			name = Frameworks;
			sourceTree = "<group>";
		};
		3C5FCBB21EB6BE74003D4FE2 = {
			isa = PBXGroup;
			children = (
				3C5FCBBD1EB6BE74003D4FE2 /* FluxSample */,
				3C5FCBBC1EB6BE74003D4FE2 /* Products */,
				13CC3558ABF5740A4C92AF4E /* Pods */,
				1982B4123210B52FA3823184 /* Frameworks */,
			);
			sourceTree = "<group>";
		};
		3C5FCBBC1EB6BE74003D4FE2 /* Products */ = {
			isa = PBXGroup;
			children = (
				3C5FCBBB1EB6BE74003D4FE2 /* FluxSample.app */,
			);
			name = Products;
			sourceTree = "<group>";
		};
		3C5FCBBD1EB6BE74003D4FE2 /* FluxSample */ = {
			isa = PBXGroup;
			children = (
				3C5FCBD01EB6BE89003D4FE2 /* Resource */,
				3C5FCBD11EB6BE9A003D4FE2 /* Source */,
			);
			path = FluxSample;
			sourceTree = "<group>";
		};
		3C5FCBD01EB6BE89003D4FE2 /* Resource */ = {
			isa = PBXGroup;
			children = (
				FBB512811EB84C7600AEFF56 /* Info.plist */,
				FBB5127F1EB84C7600AEFF56 /* AppDelegate.swift */,
				FBB512801EB84C7600AEFF56 /* Assets.xcassets */,
				FBB512851EB84C9700AEFF56 /* LaunchScreen.storyboard */,
			);
			name = Resource;
			sourceTree = "<group>";
		};
		3C5FCBD11EB6BE9A003D4FE2 /* Source */ = {
			isa = PBXGroup;
			children = (
				3C5FCC081EB6DA44003D4FE2 /* Core */,
				3C5FCBD21EB6BEA2003D4FE2 /* Common */,
				3C5FCBD31EB6BEA6003D4FE2 /* Flux */,
				3C5FCBE31EB6CB73003D4FE2 /* MainPage */,
				3C5FCBE61EB6CBB1003D4FE2 /* TopPage */,
				3C5FCBE91EB6CBE6003D4FE2 /* ProfilePage */,
			);
			name = Source;
			sourceTree = "<group>";
		};
		3C5FCBD21EB6BEA2003D4FE2 /* Common */ = {
			isa = PBXGroup;
			children = (
				FBB512981EB84D6C00AEFF56 /* AppConstants.swift */,
				FBB512991EB84D6C00AEFF56 /* UrlConstants.swift */,
				3C5FCBDE1EB6C94B003D4FE2 /* Extension */,
				3C5FCBDB1EB6C8D0003D4FE2 /* UI */,
			);
			name = Common;
			sourceTree = "<group>";
		};
		3C5FCBD31EB6BEA6003D4FE2 /* Flux */ = {
			isa = PBXGroup;
			children = (
				3C5FCBDA1EB6C8A9003D4FE2 /* Action */,
				3C5FCBD71EB6C690003D4FE2 /* Store */,
				3C5FCBD41EB6BEAE003D4FE2 /* Dispatcher */,
			);
			name = Flux;
			sourceTree = "<group>";
		};
		3C5FCBD41EB6BEAE003D4FE2 /* Dispatcher */ = {
			isa = PBXGroup;
			children = (
				FBB512A41EB84E0100AEFF56 /* DispatcherSubject.swift */,
				FBB512A51EB84E0100AEFF56 /* ErrorNoticeDispatcher.swift */,
				FBB512A61EB84E0100AEFF56 /* TopDispatcher.swift */,
			);
			name = Dispatcher;
			sourceTree = "<group>";
		};
		3C5FCBD71EB6C690003D4FE2 /* Store */ = {
			isa = PBXGroup;
			children = (
				FBB512A01EB84DF600AEFF56 /* Store.swift */,
				FBB512A11EB84DF600AEFF56 /* TopStore.swift */,
			);
			name = Store;
			sourceTree = "<group>";
		};
		3C5FCBDA1EB6C8A9003D4FE2 /* Action */ = {
			isa = PBXGroup;
			children = (
				FBB5129C1EB84DEC00AEFF56 /* ErrorNoticeAction.swift */,
				FBB5129D1EB84DEC00AEFF56 /* TopAction.swift */,
			);
			name = Action;
			sourceTree = "<group>";
		};
		3C5FCBDB1EB6C8D0003D4FE2 /* UI */ = {
			isa = PBXGroup;
			children = (
				FBB512941EB84D4100AEFF56 /* Nibable.swift */,
				FBB512951EB84D4100AEFF56 /* Storyboardable.swift */,
			);
			name = UI;
			sourceTree = "<group>";
		};
		3C5FCBDE1EB6C94B003D4FE2 /* Extension */ = {
			isa = PBXGroup;
			children = (
				FBB5128C1EB84D3500AEFF56 /* NSObjectProtocol.swift */,
				FBB5128D1EB84D3500AEFF56 /* SVProgressHUD.swift */,
				FBB5128E1EB84D3500AEFF56 /* UITableView.swift */,
				FBB5128F1EB84D3500AEFF56 /* Variable.swift */,
			);
			name = Extension;
			sourceTree = "<group>";
		};
		3C5FCBE31EB6CB73003D4FE2 /* MainPage */ = {
			isa = PBXGroup;
			children = (
				3C5FCBE41EB6CB87003D4FE2 /* MainController.storyboard */,
				3C5FCBF41EB6CDD5003D4FE2 /* MainController.swift */,
			);
			name = MainPage;
			sourceTree = "<group>";
		};
		3C5FCBE61EB6CBB1003D4FE2 /* TopPage */ = {
			isa = PBXGroup;
			children = (
				FBB512AA1EB84EFB00AEFF56 /* TopController.storyboard */,
				FBB512AB1EB84EFB00AEFF56 /* TopController.swift */,
				FBB512AC1EB84EFB00AEFF56 /* TopNavigationController.swift */,
				3C5FCBFE1EB6D3F7003D4FE2 /* DataSource */,
				3C5FCBFD1EB6D3EB003D4FE2 /* Model */,
				3C5FCBF61EB6CF25003D4FE2 /* Cell */,
			);
			name = TopPage;
			sourceTree = "<group>";
		};
		3C5FCBE91EB6CBE6003D4FE2 /* ProfilePage */ = {
			isa = PBXGroup;
			children = (
				FBB512B81EB84F4B00AEFF56 /* ProfileController.storyboard */,
				FBB512B91EB84F4B00AEFF56 /* ProfileController.swift */,
				FBB512BA1EB84F4B00AEFF56 /* ProfileNavigationController.swift */,
				3C66FCD71EB8261B00B6193F /* Cell */,
				3C66FCD51EB8260E00B6193F /* DataSource */,
				3C66FCD61EB8261600B6193F /* Model */,
			);
			name = ProfilePage;
			sourceTree = "<group>";
		};
		3C5FCBF61EB6CF25003D4FE2 /* Cell */ = {
			isa = PBXGroup;
			children = (
				FBB512B01EB84F0B00AEFF56 /* TopCell.swift */,
				FBB512B11EB84F0B00AEFF56 /* TopCell.xib */,
			);
			name = Cell;
			sourceTree = "<group>";
		};
		3C5FCBFD1EB6D3EB003D4FE2 /* Model */ = {
			isa = PBXGroup;
			children = (
				FBB512B61EB84F2400AEFF56 /* TopInfo.swift */,
			);
			name = Model;
			sourceTree = "<group>";
		};
		3C5FCBFE1EB6D3F7003D4FE2 /* DataSource */ = {
			isa = PBXGroup;
			children = (
				FBB512B41EB84F1500AEFF56 /* TopDataSource.swift */,
			);
			name = DataSource;
			sourceTree = "<group>";
		};
		3C5FCC081EB6DA44003D4FE2 /* Core */ = {
			isa = PBXGroup;
			children = (
				3C5FCC091EB6DA4A003D4FE2 /* API */,
			);
			name = Core;
			sourceTree = "<group>";
		};
		3C5FCC091EB6DA4A003D4FE2 /* API */ = {
			isa = PBXGroup;
			children = (
				FBB512881EB84CDB00AEFF56 /* RecordsResponse.swift */,
				FBB512891EB84CDB00AEFF56 /* TopAPI.swift */,
			);
			name = API;
			sourceTree = "<group>";
		};
		3C66FCD51EB8260E00B6193F /* DataSource */ = {
			isa = PBXGroup;
			children = (
			);
			name = DataSource;
			sourceTree = "<group>";
		};
		3C66FCD61EB8261600B6193F /* Model */ = {
			isa = PBXGroup;
			children = (
			);
			name = Model;
			sourceTree = "<group>";
		};
		3C66FCD71EB8261B00B6193F /* Cell */ = {
			isa = PBXGroup;
			children = (
			);
			name = Cell;
			sourceTree = "<group>";
		};
/* End PBXGroup section */

/* Begin PBXNativeTarget section */
		3C5FCBBA1EB6BE74003D4FE2 /* FluxSample */ = {
			isa = PBXNativeTarget;
			buildConfigurationList = 3C5FCBCD1EB6BE74003D4FE2 /* Build configuration list for PBXNativeTarget "FluxSample" */;
			buildPhases = (
				78D73BB91B8DEBF1BF4F5606 /* [CP] Check Pods Manifest.lock */,
				3C5FCBB71EB6BE74003D4FE2 /* Sources */,
				3C5FCBB81EB6BE74003D4FE2 /* Frameworks */,
				3C5FCBB91EB6BE74003D4FE2 /* Resources */,
				8DFE73F18B7EBEF882F78479 /* [CP] Embed Pods Frameworks */,
				B768BDA89C7DCCE089A9CA70 /* [CP] Copy Pods Resources */,
			);
			buildRules = (
			);
			dependencies = (
			);
			name = FluxSample;
			productName = FluxSample;
			productReference = 3C5FCBBB1EB6BE74003D4FE2 /* FluxSample.app */;
			productType = "com.apple.product-type.application";
		};
/* End PBXNativeTarget section */

/* Begin PBXProject section */
		3C5FCBB31EB6BE74003D4FE2 /* Project object */ = {
			isa = PBXProject;
			attributes = {
				LastSwiftUpdateCheck = 0830;
				LastUpgradeCheck = 0830;
				ORGANIZATIONNAME = "RN-079";
				TargetAttributes = {
					3C5FCBBA1EB6BE74003D4FE2 = {
						CreatedOnToolsVersion = 8.3.1;
						DevelopmentTeam = 2RW8Q6Y7W7;
						ProvisioningStyle = Automatic;
					};
				};
			};
			buildConfigurationList = 3C5FCBB61EB6BE74003D4FE2 /* Build configuration list for PBXProject "FluxSample" */;
			compatibilityVersion = "Xcode 3.2";
			developmentRegion = English;
			hasScannedForEncodings = 0;
			knownRegions = (
				en,
				Base,
			);
			mainGroup = 3C5FCBB21EB6BE74003D4FE2;
			productRefGroup = 3C5FCBBC1EB6BE74003D4FE2 /* Products */;
			projectDirPath = "";
			projectRoot = "";
			targets = (
				3C5FCBBA1EB6BE74003D4FE2 /* FluxSample */,
			);
		};
/* End PBXProject section */

/* Begin PBXResourcesBuildPhase section */
		3C5FCBB91EB6BE74003D4FE2 /* Resources */ = {
			isa = PBXResourcesBuildPhase;
			buildActionMask = 2147483647;
			files = (
				FBB512841EB84C7600AEFF56 /* Info.plist in Resources */,
				3C5FCBE51EB6CB87003D4FE2 /* MainController.storyboard in Resources */,
				FBB512871EB84C9700AEFF56 /* LaunchScreen.storyboard in Resources */,
				FBB512BB1EB84F4B00AEFF56 /* ProfileController.storyboard in Resources */,
				FBB512831EB84C7600AEFF56 /* Assets.xcassets in Resources */,
				FBB512AD1EB84EFB00AEFF56 /* TopController.storyboard in Resources */,
				FBB512B31EB84F0B00AEFF56 /* TopCell.xib in Resources */,
			);
			runOnlyForDeploymentPostprocessing = 0;
		};
/* End PBXResourcesBuildPhase section */

/* Begin PBXShellScriptBuildPhase section */
		78D73BB91B8DEBF1BF4F5606 /* [CP] Check Pods Manifest.lock */ = {
			isa = PBXShellScriptBuildPhase;
			buildActionMask = 2147483647;
			files = (
			);
			inputPaths = (
			);
			name = "[CP] Check Pods Manifest.lock";
			outputPaths = (
			);
			runOnlyForDeploymentPostprocessing = 0;
			shellPath = /bin/sh;
			shellScript = "diff \"${PODS_ROOT}/../Podfile.lock\" \"${PODS_ROOT}/Manifest.lock\" > /dev/null\nif [ $? != 0 ] ; then\n    # print error to STDERR\n    echo \"error: The sandbox is not in sync with the Podfile.lock. Run 'pod install' or update your CocoaPods installation.\" >&2\n    exit 1\nfi\n";
			showEnvVarsInLog = 0;
		};
		8DFE73F18B7EBEF882F78479 /* [CP] Embed Pods Frameworks */ = {
			isa = PBXShellScriptBuildPhase;
			buildActionMask = 2147483647;
			files = (
			);
			inputPaths = (
			);
			name = "[CP] Embed Pods Frameworks";
			outputPaths = (
			);
			runOnlyForDeploymentPostprocessing = 0;
			shellPath = /bin/sh;
			shellScript = "\"${SRCROOT}/Pods/Target Support Files/Pods-FluxSample/Pods-FluxSample-frameworks.sh\"\n";
			showEnvVarsInLog = 0;
		};
		B768BDA89C7DCCE089A9CA70 /* [CP] Copy Pods Resources */ = {
			isa = PBXShellScriptBuildPhase;
			buildActionMask = 2147483647;
			files = (
			);
			inputPaths = (
			);
			name = "[CP] Copy Pods Resources";
			outputPaths = (
			);
			runOnlyForDeploymentPostprocessing = 0;
			shellPath = /bin/sh;
			shellScript = "\"${SRCROOT}/Pods/Target Support Files/Pods-FluxSample/Pods-FluxSample-resources.sh\"\n";
			showEnvVarsInLog = 0;
		};
/* End PBXShellScriptBuildPhase section */

/* Begin PBXSourcesBuildPhase section */
		3C5FCBB71EB6BE74003D4FE2 /* Sources */ = {
			isa = PBXSourcesBuildPhase;
			buildActionMask = 2147483647;
			files = (
				FBB512BC1EB84F4B00AEFF56 /* ProfileController.swift in Sources */,
				FBB5128A1EB84CDB00AEFF56 /* RecordsResponse.swift in Sources */,
				FBB512901EB84D3500AEFF56 /* NSObjectProtocol.swift in Sources */,
				FBB512B21EB84F0B00AEFF56 /* TopCell.swift in Sources */,
				FBB512AF1EB84EFB00AEFF56 /* TopNavigationController.swift in Sources */,
				FBB512A21EB84DF600AEFF56 /* Store.swift in Sources */,
				FBB512961EB84D4100AEFF56 /* Nibable.swift in Sources */,
				FBB512B71EB84F2400AEFF56 /* TopInfo.swift in Sources */,
				FBB512A81EB84E0100AEFF56 /* ErrorNoticeDispatcher.swift in Sources */,
				FBB512A31EB84DF600AEFF56 /* TopStore.swift in Sources */,
				FBB512A71EB84E0100AEFF56 /* DispatcherSubject.swift in Sources */,
				FBB5129B1EB84D6C00AEFF56 /* UrlConstants.swift in Sources */,
				FBB512A91EB84E0100AEFF56 /* TopDispatcher.swift in Sources */,
				3C5FCBF51EB6CDD5003D4FE2 /* MainController.swift in Sources */,
				FBB5128B1EB84CDB00AEFF56 /* TopAPI.swift in Sources */,
				FBB512971EB84D4100AEFF56 /* Storyboardable.swift in Sources */,
				FBB512931EB84D3500AEFF56 /* Variable.swift in Sources */,
				FBB5129A1EB84D6C00AEFF56 /* AppConstants.swift in Sources */,
				FBB512821EB84C7600AEFF56 /* AppDelegate.swift in Sources */,
				FBB512921EB84D3500AEFF56 /* UITableView.swift in Sources */,
				FBB5129E1EB84DEC00AEFF56 /* ErrorNoticeAction.swift in Sources */,
				FBB512BD1EB84F4B00AEFF56 /* ProfileNavigationController.swift in Sources */,
				FBB512AE1EB84EFB00AEFF56 /* TopController.swift in Sources */,
				FBB5129F1EB84DEC00AEFF56 /* TopAction.swift in Sources */,
				FBB512B51EB84F1500AEFF56 /* TopDataSource.swift in Sources */,
				FBB512911EB84D3500AEFF56 /* SVProgressHUD.swift in Sources */,
			);
			runOnlyForDeploymentPostprocessing = 0;
		};
/* End PBXSourcesBuildPhase section */

/* Begin PBXVariantGroup section */
		FBB512851EB84C9700AEFF56 /* LaunchScreen.storyboard */ = {
			isa = PBXVariantGroup;
			children = (
				FBB512861EB84C9700AEFF56 /* Base */,
			);
			name = LaunchScreen.storyboard;
			sourceTree = "<group>";
		};
/* End PBXVariantGroup section */

/* Begin XCBuildConfiguration section */
		3C5FCBCB1EB6BE74003D4FE2 /* Debug */ = {
			isa = XCBuildConfiguration;
			buildSettings = {
				ALWAYS_SEARCH_USER_PATHS = NO;
				CLANG_ANALYZER_NONNULL = YES;
				CLANG_ANALYZER_NUMBER_OBJECT_CONVERSION = YES_AGGRESSIVE;
				CLANG_CXX_LANGUAGE_STANDARD = "gnu++0x";
				CLANG_CXX_LIBRARY = "libc++";
				CLANG_ENABLE_MODULES = YES;
				CLANG_ENABLE_OBJC_ARC = YES;
				CLANG_WARN_BOOL_CONVERSION = YES;
				CLANG_WARN_CONSTANT_CONVERSION = YES;
				CLANG_WARN_DIRECT_OBJC_ISA_USAGE = YES_ERROR;
				CLANG_WARN_DOCUMENTATION_COMMENTS = YES;
				CLANG_WARN_EMPTY_BODY = YES;
				CLANG_WARN_ENUM_CONVERSION = YES;
				CLANG_WARN_INFINITE_RECURSION = YES;
				CLANG_WARN_INT_CONVERSION = YES;
				CLANG_WARN_OBJC_ROOT_CLASS = YES_ERROR;
				CLANG_WARN_SUSPICIOUS_MOVE = YES;
				CLANG_WARN_UNREACHABLE_CODE = YES;
				CLANG_WARN__DUPLICATE_METHOD_MATCH = YES;
				"CODE_SIGN_IDENTITY[sdk=iphoneos*]" = "iPhone Developer";
				COPY_PHASE_STRIP = NO;
				DEBUG_INFORMATION_FORMAT = dwarf;
				ENABLE_STRICT_OBJC_MSGSEND = YES;
				ENABLE_TESTABILITY = YES;
				GCC_C_LANGUAGE_STANDARD = gnu99;
				GCC_DYNAMIC_NO_PIC = NO;
				GCC_NO_COMMON_BLOCKS = YES;
				GCC_OPTIMIZATION_LEVEL = 0;
				GCC_PREPROCESSOR_DEFINITIONS = (
					"DEBUG=1",
					"$(inherited)",
				);
				GCC_WARN_64_TO_32_BIT_CONVERSION = YES;
				GCC_WARN_ABOUT_RETURN_TYPE = YES_ERROR;
				GCC_WARN_UNDECLARED_SELECTOR = YES;
				GCC_WARN_UNINITIALIZED_AUTOS = YES_AGGRESSIVE;
				GCC_WARN_UNUSED_FUNCTION = YES;
				GCC_WARN_UNUSED_VARIABLE = YES;
				IPHONEOS_DEPLOYMENT_TARGET = 9.0;
				MTL_ENABLE_DEBUG_INFO = YES;
				ONLY_ACTIVE_ARCH = YES;
				SDKROOT = iphoneos;
				SWIFT_ACTIVE_COMPILATION_CONDITIONS = DEBUG;
				SWIFT_OPTIMIZATION_LEVEL = "-Onone";
				TARGETED_DEVICE_FAMILY = "1,2";
			};
			name = Debug;
		};
		3C5FCBCC1EB6BE74003D4FE2 /* Release */ = {
			isa = XCBuildConfiguration;
			buildSettings = {
				ALWAYS_SEARCH_USER_PATHS = NO;
				CLANG_ANALYZER_NONNULL = YES;
				CLANG_ANALYZER_NUMBER_OBJECT_CONVERSION = YES_AGGRESSIVE;
				CLANG_CXX_LANGUAGE_STANDARD = "gnu++0x";
				CLANG_CXX_LIBRARY = "libc++";
				CLANG_ENABLE_MODULES = YES;
				CLANG_ENABLE_OBJC_ARC = YES;
				CLANG_WARN_BOOL_CONVERSION = YES;
				CLANG_WARN_CONSTANT_CONVERSION = YES;
				CLANG_WARN_DIRECT_OBJC_ISA_USAGE = YES_ERROR;
				CLANG_WARN_DOCUMENTATION_COMMENTS = YES;
				CLANG_WARN_EMPTY_BODY = YES;
				CLANG_WARN_ENUM_CONVERSION = YES;
				CLANG_WARN_INFINITE_RECURSION = YES;
				CLANG_WARN_INT_CONVERSION = YES;
				CLANG_WARN_OBJC_ROOT_CLASS = YES_ERROR;
				CLANG_WARN_SUSPICIOUS_MOVE = YES;
				CLANG_WARN_UNREACHABLE_CODE = YES;
				CLANG_WARN__DUPLICATE_METHOD_MATCH = YES;
				"CODE_SIGN_IDENTITY[sdk=iphoneos*]" = "iPhone Developer";
				COPY_PHASE_STRIP = NO;
				DEBUG_INFORMATION_FORMAT = "dwarf-with-dsym";
				ENABLE_NS_ASSERTIONS = NO;
				ENABLE_STRICT_OBJC_MSGSEND = YES;
				GCC_C_LANGUAGE_STANDARD = gnu99;
				GCC_NO_COMMON_BLOCKS = YES;
				GCC_WARN_64_TO_32_BIT_CONVERSION = YES;
				GCC_WARN_ABOUT_RETURN_TYPE = YES_ERROR;
				GCC_WARN_UNDECLARED_SELECTOR = YES;
				GCC_WARN_UNINITIALIZED_AUTOS = YES_AGGRESSIVE;
				GCC_WARN_UNUSED_FUNCTION = YES;
				GCC_WARN_UNUSED_VARIABLE = YES;
				IPHONEOS_DEPLOYMENT_TARGET = 9.0;
				MTL_ENABLE_DEBUG_INFO = NO;
				SDKROOT = iphoneos;
				SWIFT_OPTIMIZATION_LEVEL = "-Owholemodule";
				TARGETED_DEVICE_FAMILY = "1,2";
				VALIDATE_PRODUCT = YES;
			};
			name = Release;
		};
		3C5FCBCE1EB6BE74003D4FE2 /* Debug */ = {
			isa = XCBuildConfiguration;
			baseConfigurationReference = B5B5E2D12FAA00AAF767DF15 /* Pods-FluxSample.debug.xcconfig */;
			buildSettings = {
				ASSETCATALOG_COMPILER_APPICON_NAME = AppIcon;
				DEVELOPMENT_TEAM = 2RW8Q6Y7W7;
				INFOPLIST_FILE = FluxSample/Info.plist;
				LD_RUNPATH_SEARCH_PATHS = "$(inherited) @executable_path/Frameworks";
				PRODUCT_BUNDLE_IDENTIFIER = org.kaka.FluxSample;
				PRODUCT_NAME = "$(TARGET_NAME)";
				SWIFT_VERSION = 3.0;
			};
			name = Debug;
		};
		3C5FCBCF1EB6BE74003D4FE2 /* Release */ = {
			isa = XCBuildConfiguration;
			baseConfigurationReference = FB418E7B70973FEE341ADD99 /* Pods-FluxSample.release.xcconfig */;
			buildSettings = {
				ASSETCATALOG_COMPILER_APPICON_NAME = AppIcon;
				DEVELOPMENT_TEAM = 2RW8Q6Y7W7;
				INFOPLIST_FILE = FluxSample/Info.plist;
				LD_RUNPATH_SEARCH_PATHS = "$(inherited) @executable_path/Frameworks";
				PRODUCT_BUNDLE_IDENTIFIER = org.kaka.FluxSample;
				PRODUCT_NAME = "$(TARGET_NAME)";
				SWIFT_VERSION = 3.0;
			};
			name = Release;
		};
/* End XCBuildConfiguration section */

/* Begin XCConfigurationList section */
		3C5FCBB61EB6BE74003D4FE2 /* Build configuration list for PBXProject "FluxSample" */ = {
			isa = XCConfigurationList;
			buildConfigurations = (
				3C5FCBCB1EB6BE74003D4FE2 /* Debug */,
				3C5FCBCC1EB6BE74003D4FE2 /* Release */,
			);
			defaultConfigurationIsVisible = 0;
			defaultConfigurationName = Release;
		};
		3C5FCBCD1EB6BE74003D4FE2 /* Build configuration list for PBXNativeTarget "FluxSample" */ = {
			isa = XCConfigurationList;
			buildConfigurations = (
				3C5FCBCE1EB6BE74003D4FE2 /* Debug */,
				3C5FCBCF1EB6BE74003D4FE2 /* Release */,
			);
			defaultConfigurationIsVisible = 0;
			defaultConfigurationName = Release;
		};
/* End XCConfigurationList section */
	};
	rootObject = 3C5FCBB31EB6BE74003D4FE2 /* Project object */;
}
